{
    "_readme": [
        "This file locks the dependencies of your project to a known state",
        "Read more about it at https://getcomposer.org/doc/01-basic-usage.md#installing-dependencies",
        "This file is @generated automatically"
    ],
    "content-hash": "34bb5362b5fd6ddcdae94841a7a28c3c",
    "packages": [
        {
            "name": "hivepress/hivetheme",
            "version": "1.0.12",
            "source": {
                "type": "git",
                "url": "https://github.com/hivepress/hivetheme.git",
                "reference": "f59403a76f1e1e382d93e899e5a1f214d7bebf83"
            },
            "dist": {
                "type": "zip",
                "url": "https://api.github.com/repos/hivepress/hivetheme/zipball/f59403a76f1e1e382d93e899e5a1f214d7bebf83",
                "reference": "f59403a76f1e1e382d93e899e5a1f214d7bebf83",
                "shasum": ""
            },
            "type": "wordpress-plugin",
            "notification-url": "https://packagist.org/downloads/",
            "license": [
                "GPL-3.0-or-later"
            ],
            "description": "A framework for HivePress themes.",
            "time": "2021-12-04T18:21:41+00:00"
        }
    ],
    "packages-dev": [],
    "aliases": [],
    "minimum-stability": "stable",
    "stability-flags": [],
    "prefer-stable": false,
    "prefer-lowest": false,
    "platform": [],
    "platform-dev": []
}
