{
    "_readme": [
        "This file locks the dependencies of your project to a known state",
        "Read more about it at https://getcomposer.org/doc/01-basic-usage.md#installing-dependencies",
        "This file is @generated automatically"
    ],
    "content-hash": "34bb5362b5fd6ddcdae94841a7a28c3c",
    "packages": [
        {
            "name": "hivepress/hivetheme",
            "version": "1.0.2",
            "source": {
                "type": "git",
                "url": "https://github.com/hivepress/hivetheme.git",
                "reference": "4cad4387a4dcad558066ea59e8df7eddfa98dc54"
            },
            "dist": {
                "type": "zip",
                "url": "https://api.github.com/repos/hivepress/hivetheme/zipball/4cad4387a4dcad558066ea59e8df7eddfa98dc54",
                "reference": "4cad4387a4dcad558066ea59e8df7eddfa98dc54",
                "shasum": ""
            },
            "type": "wordpress-plugin",
            "notification-url": "https://packagist.org/downloads/",
            "license": [
                "GPL-3.0-or-later"
            ],
            "description": "A framework for HivePress themes.",
            "time": "2020-09-03T13:31:49+00:00"
        }
    ],
    "packages-dev": [],
    "aliases": [],
    "minimum-stability": "stable",
    "stability-flags": [],
    "prefer-stable": false,
    "prefer-lowest": false,
    "platform": [],
    "platform-dev": []
}
